
Microsoft Visual Studio Solution File, Format Version 12.00
# Visual Studio 15
VisualStudioVersion = 15.0.28307.421
MinimumVisualStudioVersion = 10.0.40219.1
Project("{FAE04EC0-301F-11D3-BF4B-00C04F79EFBC}") = "KareAlan", "KareAlan\KareAlan.csproj", "{26004977-B0EA-47E5-8968-E5752C90C1DF}"
EndProject
Global
	GlobalSection(SolutionConfigurationPlatforms) = preSolution
		Debug|Any CPU = Debug|Any CPU
		Release|Any CPU = Release|Any CPU
	EndGlobalSection
	GlobalSection(ProjectConfigurationPlatforms) = postSolution
		{26004977-B0EA-47E5-8968-E5752C90C1DF}.Debug|Any CPU.ActiveCfg = Debug|Any CPU
		{26004977-B0EA-47E5-8968-E5752C90C1DF}.Debug|Any CPU.Build.0 = Debug|Any CPU
		{26004977-B0EA-47E5-8968-E5752C90C1DF}.Release|Any CPU.ActiveCfg = Release|Any CPU
		{26004977-B0EA-47E5-8968-E5752C90C1DF}.Release|Any CPU.Build.0 = Release|Any CPU
	EndGlobalSection
	GlobalSection(SolutionProperties) = preSolution
		HideSolutionNode = FALSE
	EndGlobalSection
	GlobalSection(ExtensibilityGlobals) = postSolution
		SolutionGuid = {6FCE93B4-CB8B-4D89-909E-0F507CA7653F}
	EndGlobalSection
EndGlobal
